<?xml version="1.0" encoding="utf-8"?>
<Project ToolsVersion="4.0" xmlns="http://schemas.microsoft.com/developer/msbuild/2003">
  <ItemGroup>
    <Filter Include="Source Files">
      <UniqueIdentifier>{4FC737F1-C7A5-4376-A066-2A32D752A2FF}</UniqueIdentifier>
      <Extensions>cpp;c;cc;cxx;def;odl;idl;hpj;bat;asm;asmx</Extensions>
    </Filter>
    <Filter Include="Source Files\Common">
      <UniqueIdentifier>{2d071866-df80-4105-866c-6dd6d73a4324}</UniqueIdentifier>
    </Filter>
  </ItemGroup>
  <ItemGroup>
    <ClCompile Include="Source\Common\BaseApplication.cpp">
      <Filter>Source Files\Common</Filter>
    </ClCompile>
    <ClCompile Include="Source\Common\Button.cpp">
      <Filter>Source Files\Common</Filter>
    </ClCompile>
    <ClCompile Include="Source\Common\Color.cpp">
      <Filter>Source Files\Common</Filter>
    </ClCompile>
    <ClCompile Include="Source\Common\FileUtils.cpp">
      <Filter>Source Files\Common</Filter>
    </ClCompile>
    <ClCompile Include="Source\Common\Font.cpp">
      <Filter>Source Files\Common</Filter>
    </ClCompile>
    <ClCompile Include="Source\Common\Input.cpp">
      <Filter>Source Files\Common</Filter>
    </ClCompile>
    <ClCompile Include="Source\Common\Library.cpp">
      <Filter>Source Files\Common</Filter>
    </ClCompile>
    <ClCompile Include="Source\Common\MatrixTransform.cpp">
      <Filter>Source Files\Common</Filter>
    </ClCompile>
    <ClCompile Include="Source\Common\RectangleShape.cpp">
      <Filter>Source Files\Common</Filter>
    </ClCompile>
    <ClCompile Include="Source\Common\RenderTarget.cpp">
      <Filter>Source Files\Common</Filter>
    </ClCompile>
    <ClCompile Include="Source\Common\ShaderProgram.cpp">
      <Filter>Source Files\Common</Filter>
    </ClCompile>
    <ClCompile Include="Source\Common\Text.cpp">
      <Filter>Source Files\Common</Filter>
    </ClCompile>
    <ClCompile Include="Source\Common\Window.cpp">
      <Filter>Source Files\Common</Filter>
    </ClCompile>
    <ClCompile Include="Source\Common\WindowManager.cpp">
      <Filter>Source Files\Common</Filter>
    </ClCompile>
    <ClCompile Include="Source\Main.cpp">
      <Filter>Source Files</Filter>
    </ClCompile>
    <ClCompile Include="Source\Nibbles.cpp">
      <Filter>Source Files</Filter>
    </ClCompile>
  </ItemGroup>
  <ItemGroup>
    <ClInclude Include="Source\Common\BaseApplication.h">
      <Filter>Source Files\Common</Filter>
    </ClInclude>
    <ClInclude Include="Source\Common\Button.h">
      <Filter>Source Files\Common</Filter>
    </ClInclude>
    <ClInclude Include="Source\Common\Color.h">
      <Filter>Source Files\Common</Filter>
    </ClInclude>
    <ClInclude Include="Source\Common\Drawable.h">
      <Filter>Source Files\Common</Filter>
    </ClInclude>
    <ClInclude Include="Source\Common\FileUtils.h">
      <Filter>Source Files\Common</Filter>
    </ClInclude>
    <ClInclude Include="Source\Common\Font.h">
      <Filter>Source Files\Common</Filter>
    </ClInclude>
    <ClInclude Include="Source\Common\GLIncludes.h">
      <Filter>Source Files\Common</Filter>
    </ClInclude>
    <ClInclude Include="Source\Common\Input.h">
      <Filter>Source Files\Common</Filter>
    </ClInclude>
    <ClInclude Include="Source\Common\Library.h">
      <Filter>Source Files\Common</Filter>
    </ClInclude>
    <ClInclude Include="Source\Common\ListUtils.h">
      <Filter>Source Files\Common</Filter>
    </ClInclude>
    <ClInclude Include="Source\Common\Matrix.h">
      <Filter>Source Files\Common</Filter>
    </ClInclude>
    <ClInclude Include="Source\Common\MatrixTransform.h">
      <Filter>Source Files\Common</Filter>
    </ClInclude>
    <ClInclude Include="Source\Common\MemoryLeakTester.h">
      <Filter>Source Files\Common</Filter>
    </ClInclude>
    <ClInclude Include="Source\Common\Random.h">
      <Filter>Source Files\Common</Filter>
    </ClInclude>
    <ClInclude Include="Source\Common\Rect.h">
      <Filter>Source Files\Common</Filter>
    </ClInclude>
    <ClInclude Include="Source\Common\RectangleShape.h">
      <Filter>Source Files\Common</Filter>
    </ClInclude>
    <ClInclude Include="Source\Common\RenderTarget.h">
      <Filter>Source Files\Common</Filter>
    </ClInclude>
    <ClInclude Include="Source\Common\Scene.h">
      <Filter>Source Files\Common</Filter>
    </ClInclude>
    <ClInclude Include="Source\Common\ShaderProgram.h">
      <Filter>Source Files\Common</Filter>
    </ClInclude>
    <ClInclude Include="Source\Common\Text.h">
      <Filter>Source Files\Common</Filter>
    </ClInclude>
    <ClInclude Include="Source\Common\Timer.h">
      <Filter>Source Files\Common</Filter>
    </ClInclude>
    <ClInclude Include="Source\Common\Vector.h">
      <Filter>Source Files\Common</Filter>
    </ClInclude>
    <ClInclude Include="Source\Common\Vertex.h">
      <Filter>Source Files\Common</Filter>
    </ClInclude>
    <ClInclude Include="Source\Common\Window.h">
      <Filter>Source Files\Common</Filter>
    </ClInclude>
    <ClInclude Include="Source\Common\WindowManager.h">
      <Filter>Source Files\Common</Filter>
    </ClInclude>
    <ClInclude Include="Source\Nibbles.h">
      <Filter>Source Files</Filter>
    </ClInclude>
    <ClInclude Include="Source\Common\Math.h">
      <Filter>Source Files\Common</Filter>
    </ClInclude>
  </ItemGroup>
</Project>