
Microsoft Visual Studio Solution File, Format Version 12.00
# Visual Studio 15
VisualStudioVersion = 15.0.28307.572
MinimumVisualStudioVersion = 10.0.40219.1
Project("{8BC9CEB8-8B4A-11D0-8D11-00A0C91BC942}") = "MineSweeper", "MineSweeper\MineSweeper.vcxproj", "{0D47437E-B4B5-498A-8E9B-9635DBED9622}"
EndProject
Global
	GlobalSection(SolutionConfigurationPlatforms) = preSolution
		Debug|x86 = Debug|x86
		Release|x86 = Release|x86
	EndGlobalSection
	GlobalSection(ProjectConfigurationPlatforms) = postSolution
		{0D47437E-B4B5-498A-8E9B-9635DBED9622}.Debug|x86.ActiveCfg = Debug|Win32
		{0D47437E-B4B5-498A-8E9B-9635DBED9622}.Debug|x86.Build.0 = Debug|Win32
		{0D47437E-B4B5-498A-8E9B-9635DBED9622}.Release|x86.ActiveCfg = Release|Win32
		{0D47437E-B4B5-498A-8E9B-9635DBED9622}.Release|x86.Build.0 = Release|Win32
	EndGlobalSection
	GlobalSection(SolutionProperties) = preSolution
		HideSolutionNode = FALSE
	EndGlobalSection
	GlobalSection(ExtensibilityGlobals) = postSolution
		SolutionGuid = {1B5DA666-E4F7-44E4-B4C0-2BCFBD348700}
	EndGlobalSection
EndGlobal
