<?xml version="1.0" encoding="utf-8"?>
<Project ToolsVersion="4.0" xmlns="http://schemas.microsoft.com/developer/msbuild/2003">
  <ItemGroup>
    <Filter Include="Source Files">
      <UniqueIdentifier>{4FC737F1-C7A5-4376-A066-2A32D752A2FF}</UniqueIdentifier>
      <Extensions>cpp;c;cc;cxx;def;odl;idl;hpj;bat;asm;asmx</Extensions>
    </Filter>
    <Filter Include="Header Files">
      <UniqueIdentifier>{93995380-89BD-4b04-88EB-625FBE52EBFB}</UniqueIdentifier>
      <Extensions>h;hh;hpp;hxx;hm;inl;inc;ipp;xsd</Extensions>
    </Filter>
    <Filter Include="Resource Files">
      <UniqueIdentifier>{67DA6AB6-F800-4c08-8B7A-83BB121AAD01}</UniqueIdentifier>
      <Extensions>rc;ico;cur;bmp;dlg;rc2;rct;bin;rgs;gif;jpg;jpeg;jpe;resx;tiff;tif;png;wav;mfcribbon-ms</Extensions>
    </Filter>
    <Filter Include="Header Files\Common">
      <UniqueIdentifier>{84a4d2b9-08f9-4a74-b444-4b0d1b0ea9be}</UniqueIdentifier>
    </Filter>
    <Filter Include="Source Files\Common">
      <UniqueIdentifier>{cf850b68-99e1-4f99-8f22-bdfbf696b5af}</UniqueIdentifier>
    </Filter>
  </ItemGroup>
  <ItemGroup>
    <ClCompile Include="Source\Main.cpp">
      <Filter>Source Files</Filter>
    </ClCompile>
    <ClCompile Include="Source\Common\BaseApplication.cpp">
      <Filter>Source Files\Common</Filter>
    </ClCompile>
    <ClCompile Include="Source\Common\Button.cpp">
      <Filter>Source Files\Common</Filter>
    </ClCompile>
    <ClCompile Include="Source\Common\Color.cpp">
      <Filter>Source Files\Common</Filter>
    </ClCompile>
    <ClCompile Include="Source\Common\FileUtils.cpp">
      <Filter>Source Files\Common</Filter>
    </ClCompile>
    <ClCompile Include="Source\Common\Font.cpp">
      <Filter>Source Files\Common</Filter>
    </ClCompile>
    <ClCompile Include="Source\Common\Input.cpp">
      <Filter>Source Files\Common</Filter>
    </ClCompile>
    <ClCompile Include="Source\Common\Library.cpp">
      <Filter>Source Files\Common</Filter>
    </ClCompile>
    <ClCompile Include="Source\Common\MatrixTransform.cpp">
      <Filter>Source Files\Common</Filter>
    </ClCompile>
    <ClCompile Include="Source\Common\RectangleShape.cpp">
      <Filter>Source Files\Common</Filter>
    </ClCompile>
    <ClCompile Include="Source\Common\RenderTarget.cpp">
      <Filter>Source Files\Common</Filter>
    </ClCompile>
    <ClCompile Include="Source\Common\ShaderProgram.cpp">
      <Filter>Source Files\Common</Filter>
    </ClCompile>
    <ClCompile Include="Source\Common\Text.cpp">
      <Filter>Source Files\Common</Filter>
    </ClCompile>
    <ClCompile Include="Source\Common\Window.cpp">
      <Filter>Source Files\Common</Filter>
    </ClCompile>
    <ClCompile Include="Source\Common\WindowManager.cpp">
      <Filter>Source Files\Common</Filter>
    </ClCompile>
    <ClCompile Include="Source\ChessApplication.cpp">
      <Filter>Source Files</Filter>
    </ClCompile>
  </ItemGroup>
  <ItemGroup>
    <ClInclude Include="Source\Common\BaseApplication.h">
      <Filter>Header Files\Common</Filter>
    </ClInclude>
    <ClInclude Include="Source\Common\Button.h">
      <Filter>Header Files\Common</Filter>
    </ClInclude>
    <ClInclude Include="Source\Common\Color.h">
      <Filter>Header Files\Common</Filter>
    </ClInclude>
    <ClInclude Include="Source\Common\Drawable.h">
      <Filter>Header Files\Common</Filter>
    </ClInclude>
    <ClInclude Include="Source\Common\FileUtils.h">
      <Filter>Header Files\Common</Filter>
    </ClInclude>
    <ClInclude Include="Source\Common\Font.h">
      <Filter>Header Files\Common</Filter>
    </ClInclude>
    <ClInclude Include="Source\Common\GLIncludes.h">
      <Filter>Header Files\Common</Filter>
    </ClInclude>
    <ClInclude Include="Source\Common\Input.h">
      <Filter>Header Files\Common</Filter>
    </ClInclude>
    <ClInclude Include="Source\Common\Library.h">
      <Filter>Header Files\Common</Filter>
    </ClInclude>
    <ClInclude Include="Source\Common\ListUtils.h">
      <Filter>Header Files\Common</Filter>
    </ClInclude>
    <ClInclude Include="Source\Common\Math.h">
      <Filter>Header Files\Common</Filter>
    </ClInclude>
    <ClInclude Include="Source\Common\Matrix.h">
      <Filter>Header Files\Common</Filter>
    </ClInclude>
    <ClInclude Include="Source\Common\MatrixTransform.h">
      <Filter>Header Files\Common</Filter>
    </ClInclude>
    <ClInclude Include="Source\Common\MemoryLeakTester.h">
      <Filter>Header Files\Common</Filter>
    </ClInclude>
    <ClInclude Include="Source\Common\Random.h">
      <Filter>Header Files\Common</Filter>
    </ClInclude>
    <ClInclude Include="Source\Common\Rect.h">
      <Filter>Header Files\Common</Filter>
    </ClInclude>
    <ClInclude Include="Source\Common\RectangleShape.h">
      <Filter>Header Files\Common</Filter>
    </ClInclude>
    <ClInclude Include="Source\Common\RenderTarget.h">
      <Filter>Header Files\Common</Filter>
    </ClInclude>
    <ClInclude Include="Source\Common\Scene.h">
      <Filter>Header Files\Common</Filter>
    </ClInclude>
    <ClInclude Include="Source\Common\ShaderProgram.h">
      <Filter>Header Files\Common</Filter>
    </ClInclude>
    <ClInclude Include="Source\Common\Text.h">
      <Filter>Header Files\Common</Filter>
    </ClInclude>
    <ClInclude Include="Source\Common\Timer.h">
      <Filter>Header Files\Common</Filter>
    </ClInclude>
    <ClInclude Include="Source\Common\Vector.h">
      <Filter>Header Files\Common</Filter>
    </ClInclude>
    <ClInclude Include="Source\Common\Vertex.h">
      <Filter>Header Files\Common</Filter>
    </ClInclude>
    <ClInclude Include="Source\Common\Window.h">
      <Filter>Header Files\Common</Filter>
    </ClInclude>
    <ClInclude Include="Source\Common\WindowManager.h">
      <Filter>Header Files\Common</Filter>
    </ClInclude>
    <ClInclude Include="Source\ChessApplication.h">
      <Filter>Header Files</Filter>
    </ClInclude>
  </ItemGroup>
</Project>