
Microsoft Visual Studio Solution File, Format Version 12.00
# Visual Studio 15
VisualStudioVersion = 15.0.28307.489
MinimumVisualStudioVersion = 10.0.40219.1
Project("{8BC9CEB8-8B4A-11D0-8D11-00A0C91BC942}") = "Pong", "Pong\Pong.vcxproj", "{CABDF78F-7009-47C8-86AC-C7CC63FE9B4F}"
EndProject
Global
	GlobalSection(SolutionConfigurationPlatforms) = preSolution
		Debug|x86 = Debug|x86
		Release|x86 = Release|x86
	EndGlobalSection
	GlobalSection(ProjectConfigurationPlatforms) = postSolution
		{CABDF78F-7009-47C8-86AC-C7CC63FE9B4F}.Debug|x86.ActiveCfg = Debug|Win32
		{CABDF78F-7009-47C8-86AC-C7CC63FE9B4F}.Debug|x86.Build.0 = Debug|Win32
		{CABDF78F-7009-47C8-86AC-C7CC63FE9B4F}.Release|x86.ActiveCfg = Release|Win32
		{CABDF78F-7009-47C8-86AC-C7CC63FE9B4F}.Release|x86.Build.0 = Release|Win32
	EndGlobalSection
	GlobalSection(SolutionProperties) = preSolution
		HideSolutionNode = FALSE
	EndGlobalSection
	GlobalSection(ExtensibilityGlobals) = postSolution
		SolutionGuid = {066402F4-4DF8-4A1D-BF17-646C92DD8F42}
	EndGlobalSection
EndGlobal
